
Microsoft Visual Studio Solution File, Format Version 12.00
# Visual Studio Version 17
VisualStudioVersion = 17.10.35027.167
MinimumVisualStudioVersion = 10.0.40219.1
Project("{FAE04EC0-301F-11D3-BF4B-00C04F79EFBC}") = "SC_NewUniversalUpload", "SC_NewUniversalUpload.csproj", "{2650D1A5-EE8C-4CE9-8FFD-5263D55F92EB}"
EndProject
Global
	GlobalSection(SolutionConfigurationPlatforms) = preSolution
		Debug|Any CPU = Debug|Any CPU
		Release|Any CPU = Release|Any CPU
	EndGlobalSection
	GlobalSection(ProjectConfigurationPlatforms) = postSolution
		{2650D1A5-EE8C-4CE9-8FFD-5263D55F92EB}.Debug|Any CPU.ActiveCfg = Debug|Any CPU
		{2650D1A5-EE8C-4CE9-8FFD-5263D55F92EB}.Debug|Any CPU.Build.0 = Debug|Any CPU
		{2650D1A5-EE8C-4CE9-8FFD-5263D55F92EB}.Release|Any CPU.ActiveCfg = Release|Any CPU
		{2650D1A5-EE8C-4CE9-8FFD-5263D55F92EB}.Release|Any CPU.Build.0 = Release|Any CPU
	EndGlobalSection
	GlobalSection(SolutionProperties) = preSolution
		HideSolutionNode = FALSE
	EndGlobalSection
	GlobalSection(ExtensibilityGlobals) = postSolution
		SolutionGuid = {A427312E-AA1F-44AB-A9E3-652A392937D4}
	EndGlobalSection
EndGlobal
